
Microsoft Visual Studio Solution File, Format Version 12.00
# Visual Studio Version 17
VisualStudioVersion = 17.12.35527.113 d17.12
MinimumVisualStudioVersion = 10.0.40219.1
Project("{FAE04EC0-301F-11D3-BF4B-00C04F79EFBC}") = "SessionVariable5834255", "SessionVariable5834255.csproj", "{8A1D7D90-DA8E-4924-B113-AB4C9A8165AB}"
EndProject
Global
	GlobalSection(SolutionConfigurationPlatforms) = preSolution
		Debug|Any CPU = Debug|Any CPU
		Release|Any CPU = Release|Any CPU
	EndGlobalSection
	GlobalSection(ProjectConfigurationPlatforms) = postSolution
		{8A1D7D90-DA8E-4924-B113-AB4C9A8165AB}.Debug|Any CPU.ActiveCfg = Debug|Any CPU
		{8A1D7D90-DA8E-4924-B113-AB4C9A8165AB}.Debug|Any CPU.Build.0 = Debug|Any CPU
		{8A1D7D90-DA8E-4924-B113-AB4C9A8165AB}.Release|Any CPU.ActiveCfg = Release|Any CPU
		{8A1D7D90-DA8E-4924-B113-AB4C9A8165AB}.Release|Any CPU.Build.0 = Release|Any CPU
	EndGlobalSection
	GlobalSection(SolutionProperties) = preSolution
		HideSolutionNode = FALSE
	EndGlobalSection
EndGlobal
